
Microsoft Visual Studio Solution File, Format Version 12.00
# Visual Studio Version 17
VisualStudioVersion = 17.7.34009.444
MinimumVisualStudioVersion = 10.0.40219.1
Project("{9A19103F-16F7-4668-BE54-9A1E7A4F7556}") = "PredictiveSpreadsheet.Lib", "PredictiveSpreadsheet.Lib.csproj", "{52EFB15E-A9C0-40D2-AA3F-E0B63DE86D49}"
EndProject
Project("{9A19103F-16F7-4668-BE54-9A1E7A4F7556}") = "PredictiveSpreadsheet.App", "..\PredictiveSpreadsheet.App\PredictiveSpreadsheet.App.csproj", "{6B37F9C1-9EDE-4AA2-A786-817B10A1A480}"
EndProject
Global
	GlobalSection(SolutionConfigurationPlatforms) = preSolution
		Debug|Any CPU = Debug|Any CPU
		Release|Any CPU = Release|Any CPU
	EndGlobalSection
	GlobalSection(ProjectConfigurationPlatforms) = postSolution
		{52EFB15E-A9C0-40D2-AA3F-E0B63DE86D49}.Debug|Any CPU.ActiveCfg = Debug|Any CPU
		{52EFB15E-A9C0-40D2-AA3F-E0B63DE86D49}.Debug|Any CPU.Build.0 = Debug|Any CPU
		{52EFB15E-A9C0-40D2-AA3F-E0B63DE86D49}.Release|Any CPU.ActiveCfg = Release|Any CPU
		{52EFB15E-A9C0-40D2-AA3F-E0B63DE86D49}.Release|Any CPU.Build.0 = Release|Any CPU
		{6B37F9C1-9EDE-4AA2-A786-817B10A1A480}.Debug|Any CPU.ActiveCfg = Debug|Any CPU
		{6B37F9C1-9EDE-4AA2-A786-817B10A1A480}.Debug|Any CPU.Build.0 = Debug|Any CPU
		{6B37F9C1-9EDE-4AA2-A786-817B10A1A480}.Debug|Any CPU.Deploy.0 = Debug|Any CPU
		{6B37F9C1-9EDE-4AA2-A786-817B10A1A480}.Release|Any CPU.ActiveCfg = Release|Any CPU
		{6B37F9C1-9EDE-4AA2-A786-817B10A1A480}.Release|Any CPU.Build.0 = Release|Any CPU
		{6B37F9C1-9EDE-4AA2-A786-817B10A1A480}.Release|Any CPU.Deploy.0 = Release|Any CPU
	EndGlobalSection
	GlobalSection(SolutionProperties) = preSolution
		HideSolutionNode = FALSE
	EndGlobalSection
	GlobalSection(ExtensibilityGlobals) = postSolution
		SolutionGuid = {295848FA-8076-42B7-9FF9-FC07E425A1B2}
	EndGlobalSection
EndGlobal
